// !$*UTF8*$!
{
	archiveVersion = 1;
	classes = {
	};
	objectVersion = 56;
	objects = {

/* Begin PBXBuildFile section */
		6A9D6D84298B814400EAE007 /* AppDelegate.swift in Sources */ = {isa = PBXBuildFile; fileRef = 6A9D6D83298B814400EAE007 /* AppDelegate.swift */; };
		6A9D6D86298B814400EAE007 /* SceneDelegate.swift in Sources */ = {isa = PBXBuildFile; fileRef = 6A9D6D85298B814400EAE007 /* SceneDelegate.swift */; };
		6A9D6D88298B814400EAE007 /* ViewController.swift in Sources */ = {isa = PBXBuildFile; fileRef = 6A9D6D87298B814400EAE007 /* ViewController.swift */; };
		6A9D6D8B298B814400EAE007 /* Main.storyboard in Resources */ = {isa = PBXBuildFile; fileRef = 6A9D6D89298B814400EAE007 /* Main.storyboard */; };
		6A9D6D8E298B814400EAE007 /* SuperDB.xcdatamodeld in Sources */ = {isa = PBXBuildFile; fileRef = 6A9D6D8C298B814400EAE007 /* SuperDB.xcdatamodeld */; };
		6A9D6D90298B814500EAE007 /* Assets.xcassets in Resources */ = {isa = PBXBuildFile; fileRef = 6A9D6D8F298B814500EAE007 /* Assets.xcassets */; };
		6A9D6D93298B814500EAE007 /* LaunchScreen.storyboard in Resources */ = {isa = PBXBuildFile; fileRef = 6A9D6D91298B814500EAE007 /* LaunchScreen.storyboard */; };
		6AE4D7C9298B966000586E7B /* HeroListController.swift in Sources */ = {isa = PBXBuildFile; fileRef = 6AE4D7C8298B966000586E7B /* HeroListController.swift */; };
/* End PBXBuildFile section */

/* Begin PBXFileReference section */
		6A9D6D80298B814400EAE007 /* SuperDB.app */ = {isa = PBXFileReference; explicitFileType = wrapper.application; includeInIndex = 0; path = SuperDB.app; sourceTree = BUILT_PRODUCTS_DIR; };
		6A9D6D83298B814400EAE007 /* AppDelegate.swift */ = {isa = PBXFileReference; lastKnownFileType = sourcecode.swift; path = AppDelegate.swift; sourceTree = "<group>"; };
		6A9D6D85298B814400EAE007 /* SceneDelegate.swift */ = {isa = PBXFileReference; lastKnownFileType = sourcecode.swift; path = SceneDelegate.swift; sourceTree = "<group>"; };
		6A9D6D87298B814400EAE007 /* ViewController.swift */ = {isa = PBXFileReference; lastKnownFileType = sourcecode.swift; path = ViewController.swift; sourceTree = "<group>"; };
		6A9D6D8A298B814400EAE007 /* Base */ = {isa = PBXFileReference; lastKnownFileType = file.storyboard; name = Base; path = Base.lproj/Main.storyboard; sourceTree = "<group>"; };
		6A9D6D8D298B814400EAE007 /* SuperDB.xcdatamodel */ = {isa = PBXFileReference; lastKnownFileType = wrapper.xcdatamodel; path = SuperDB.xcdatamodel; sourceTree = "<group>"; };
		6A9D6D8F298B814500EAE007 /* Assets.xcassets */ = {isa = PBXFileReference; lastKnownFileType = folder.assetcatalog; path = Assets.xcassets; sourceTree = "<group>"; };
		6A9D6D92298B814500EAE007 /* Base */ = {isa = PBXFileReference; lastKnownFileType = file.storyboard; name = Base; path = Base.lproj/LaunchScreen.storyboard; sourceTree = "<group>"; };
		6A9D6D94298B814500EAE007 /* Info.plist */ = {isa = PBXFileReference; lastKnownFileType = text.plist.xml; path = Info.plist; sourceTree = "<group>"; };
		6AE4D7C8298B966000586E7B /* HeroListController.swift */ = {isa = PBXFileReference; lastKnownFileType = sourcecode.swift; path = HeroListController.swift; sourceTree = "<group>"; };
/* End PBXFileReference section */

/* Begin PBXFrameworksBuildPhase section */
		6A9D6D7D298B814400EAE007 /* Frameworks */ = {
			isa = PBXFrameworksBuildPhase;
			buildActionMask = 2147483647;
			files = (
			);
			runOnlyForDeploymentPostprocessing = 0;
		};
/* End PBXFrameworksBuildPhase section */

/* Begin PBXGroup section */
		6A9D6D77298B814400EAE007 = {
			isa = PBXGroup;
			children = (
				6A9D6D82298B814400EAE007 /* SuperDB */,
				6A9D6D81298B814400EAE007 /* Products */,
			);
			sourceTree = "<group>";
		};
		6A9D6D81298B814400EAE007 /* Products */ = {
			isa = PBXGroup;
			children = (
				6A9D6D80298B814400EAE007 /* SuperDB.app */,
			);
			name = Products;
			sourceTree = "<group>";
		};
		6A9D6D82298B814400EAE007 /* SuperDB */ = {
			isa = PBXGroup;
			children = (
				6A9D6D83298B814400EAE007 /* AppDelegate.swift */,
				6A9D6D85298B814400EAE007 /* SceneDelegate.swift */,
				6A9D6D87298B814400EAE007 /* ViewController.swift */,
				6A9D6D89298B814400EAE007 /* Main.storyboard */,
				6A9D6D8F298B814500EAE007 /* Assets.xcassets */,
				6A9D6D91298B814500EAE007 /* LaunchScreen.storyboard */,
				6A9D6D94298B814500EAE007 /* Info.plist */,
				6A9D6D8C298B814400EAE007 /* SuperDB.xcdatamodeld */,
				6AE4D7C8298B966000586E7B /* HeroListController.swift */,
			);
			path = SuperDB;
			sourceTree = "<group>";
		};
/* End PBXGroup section */

/* Begin PBXNativeTarget section */
		6A9D6D7F298B814400EAE007 /* SuperDB */ = {
			isa = PBXNativeTarget;
			buildConfigurationList = 6A9D6D97298B814500EAE007 /* Build configuration list for PBXNativeTarget "SuperDB" */;
			buildPhases = (
				6A9D6D7C298B814400EAE007 /* Sources */,
				6A9D6D7D298B814400EAE007 /* Frameworks */,
				6A9D6D7E298B814400EAE007 /* Resources */,
			);
			buildRules = (
			);
			dependencies = (
			);
			name = SuperDB;
			productName = SuperDB;
			productReference = 6A9D6D80298B814400EAE007 /* SuperDB.app */;
			productType = "com.apple.product-type.application";
		};
/* End PBXNativeTarget section */

/* Begin PBXProject section */
		6A9D6D78298B814400EAE007 /* Project object */ = {
			isa = PBXProject;
			attributes = {
				BuildIndependentTargetsInParallel = 1;
				LastSwiftUpdateCheck = 1420;
				LastUpgradeCheck = 1420;
				TargetAttributes = {
					6A9D6D7F298B814400EAE007 = {
						CreatedOnToolsVersion = 14.2;
					};
				};
			};
			buildConfigurationList = 6A9D6D7B298B814400EAE007 /* Build configuration list for PBXProject "SuperDB" */;
			compatibilityVersion = "Xcode 14.0";
			developmentRegion = en;
			hasScannedForEncodings = 0;
			knownRegions = (
				en,
				Base,
			);
			mainGroup = 6A9D6D77298B814400EAE007;
			productRefGroup = 6A9D6D81298B814400EAE007 /* Products */;
			projectDirPath = "";
			projectRoot = "";
			targets = (
				6A9D6D7F298B814400EAE007 /* SuperDB */,
			);
		};
/* End PBXProject section */

/* Begin PBXResourcesBuildPhase section */
		6A9D6D7E298B814400EAE007 /* Resources */ = {
			isa = PBXResourcesBuildPhase;
			buildActionMask = 2147483647;
			files = (
				6A9D6D93298B814500EAE007 /* LaunchScreen.storyboard in Resources */,
				6A9D6D90298B814500EAE007 /* Assets.xcassets in Resources */,
				6A9D6D8B298B814400EAE007 /* Main.storyboard in Resources */,
			);
			runOnlyForDeploymentPostprocessing = 0;
		};
/* End PBXResourcesBuildPhase section */

/* Begin PBXSourcesBuildPhase section */
		6A9D6D7C298B814400EAE007 /* Sources */ = {
			isa = PBXSourcesBuildPhase;
			buildActionMask = 2147483647;
			files = (
				6A9D6D88298B814400EAE007 /* ViewController.swift in Sources */,
				6A9D6D8E298B814400EAE007 /* SuperDB.xcdatamodeld in Sources */,
				6A9D6D84298B814400EAE007 /* AppDelegate.swift in Sources */,
				6A9D6D86298B814400EAE007 /* SceneDelegate.swift in Sources */,
				6AE4D7C9298B966000586E7B /* HeroListController.swift in Sources */,
			);
			runOnlyForDeploymentPostprocessing = 0;
		};
/* End PBXSourcesBuildPhase section */

/* Begin PBXVariantGroup section */
		6A9D6D89298B814400EAE007 /* Main.storyboard */ = {
			isa = PBXVariantGroup;
			children = (
				6A9D6D8A298B814400EAE007 /* Base */,
			);
			name = Main.storyboard;
			sourceTree = "<group>";
		};
		6A9D6D91298B814500EAE007 /* LaunchScreen.storyboard */ = {
			isa = PBXVariantGroup;
			children = (
				6A9D6D92298B814500EAE007 /* Base */,
			);
			name = LaunchScreen.storyboard;
			sourceTree = "<group>";
		};
/* End PBXVariantGroup section */

/* Begin XCBuildConfiguration section */
		6A9D6D95298B814500EAE007 /* Debug */ = {
			isa = XCBuildConfiguration;
			buildSettings = {
				ALWAYS_SEARCH_USER_PATHS = NO;
				CLANG_ANALYZER_NONNULL = YES;
				CLANG_ANALYZER_NUMBER_OBJECT_CONVERSION = YES_AGGRESSIVE;
				CLANG_CXX_LANGUAGE_STANDARD = "gnu++20";
				CLANG_ENABLE_MODULES = YES;
				CLANG_ENABLE_OBJC_ARC = YES;
				CLANG_ENABLE_OBJC_WEAK = YES;
				CLANG_WARN_BLOCK_CAPTURE_AUTORELEASING = YES;
				CLANG_WARN_BOOL_CONVERSION = YES;
				CLANG_WARN_COMMA = YES;
				CLANG_WARN_CONSTANT_CONVERSION = YES;
				CLANG_WARN_DEPRECATED_OBJC_IMPLEMENTATIONS = YES;
				CLANG_WARN_DIRECT_OBJC_ISA_USAGE = YES_ERROR;
				CLANG_WARN_DOCUMENTATION_COMMENTS = YES;
				CLANG_WARN_EMPTY_BODY = YES;
				CLANG_WARN_ENUM_CONVERSION = YES;
				CLANG_WARN_INFINITE_RECURSION = YES;
				CLANG_WARN_INT_CONVERSION = YES;
				CLANG_WARN_NON_LITERAL_NULL_CONVERSION = YES;
				CLANG_WARN_OBJC_IMPLICIT_RETAIN_SELF = YES;
				CLANG_WARN_OBJC_LITERAL_CONVERSION = YES;
				CLANG_WARN_OBJC_ROOT_CLASS = YES_ERROR;
				CLANG_WARN_QUOTED_INCLUDE_IN_FRAMEWORK_HEADER = YES;
				CLANG_WARN_RANGE_LOOP_ANALYSIS = YES;
				CLANG_WARN_STRICT_PROTOTYPES = YES;
				CLANG_WARN_SUSPICIOUS_MOVE = YES;
				CLANG_WARN_UNGUARDED_AVAILABILITY = YES_AGGRESSIVE;
				CLANG_WARN_UNREACHABLE_CODE = YES;
				CLANG_WARN__DUPLICATE_METHOD_MATCH = YES;
				COPY_PHASE_STRIP = NO;
				DEBUG_INFORMATION_FORMAT = dwarf;
				ENABLE_STRICT_OBJC_MSGSEND = YES;
				ENABLE_TESTABILITY = YES;
				GCC_C_LANGUAGE_STANDARD = gnu11;
				GCC_DYNAMIC_NO_PIC = NO;
				GCC_NO_COMMON_BLOCKS = YES;
				GCC_OPTIMIZATION_LEVEL = 0;
				GCC_PREPROCESSOR_DEFINITIONS = (
					"DEBUG=1",
					"$(inherited)",
				);
				GCC_WARN_64_TO_32_BIT_CONVERSION = YES;
				GCC_WARN_ABOUT_RETURN_TYPE = YES_ERROR;
				GCC_WARN_UNDECLARED_SELECTOR = YES;
				GCC_WARN_UNINITIALIZED_AUTOS = YES_AGGRESSIVE;
				GCC_WARN_UNUSED_FUNCTION = YES;
				GCC_WARN_UNUSED_VARIABLE = YES;
				IPHONEOS_DEPLOYMENT_TARGET = 16.2;
				MTL_ENABLE_DEBUG_INFO = INCLUDE_SOURCE;
				MTL_FAST_MATH = YES;
				ONLY_ACTIVE_ARCH = YES;
				SDKROOT = iphoneos;
				SWIFT_ACTIVE_COMPILATION_CONDITIONS = DEBUG;
				SWIFT_OPTIMIZATION_LEVEL = "-Onone";
			};
			name = Debug;
		};
		6A9D6D96298B814500EAE007 /* Release */ = {
			isa = XCBuildConfiguration;
			buildSettings = {
				ALWAYS_SEARCH_USER_PATHS = NO;
				CLANG_ANALYZER_NONNULL = YES;
				CLANG_ANALYZER_NUMBER_OBJECT_CONVERSION = YES_AGGRESSIVE;
				CLANG_CXX_LANGUAGE_STANDARD = "gnu++20";
				CLANG_ENABLE_MODULES = YES;
				CLANG_ENABLE_OBJC_ARC = YES;
				CLANG_ENABLE_OBJC_WEAK = YES;
				CLANG_WARN_BLOCK_CAPTURE_AUTORELEASING = YES;
				CLANG_WARN_BOOL_CONVERSION = YES;
				CLANG_WARN_COMMA = YES;
				CLANG_WARN_CONSTANT_CONVERSION = YES;
				CLANG_WARN_DEPRECATED_OBJC_IMPLEMENTATIONS = YES;
				CLANG_WARN_DIRECT_OBJC_ISA_USAGE = YES_ERROR;
				CLANG_WARN_DOCUMENTATION_COMMENTS = YES;
				CLANG_WARN_EMPTY_BODY = YES;
				CLANG_WARN_ENUM_CONVERSION = YES;
				CLANG_WARN_INFINITE_RECURSION = YES;
				CLANG_WARN_INT_CONVERSION = YES;
				CLANG_WARN_NON_LITERAL_NULL_CONVERSION = YES;
				CLANG_WARN_OBJC_IMPLICIT_RETAIN_SELF = YES;
				CLANG_WARN_OBJC_LITERAL_CONVERSION = YES;
				CLANG_WARN_OBJC_ROOT_CLASS = YES_ERROR;
				CLANG_WARN_QUOTED_INCLUDE_IN_FRAMEWORK_HEADER = YES;
				CLANG_WARN_RANGE_LOOP_ANALYSIS = YES;
				CLANG_WARN_STRICT_PROTOTYPES = YES;
				CLANG_WARN_SUSPICIOUS_MOVE = YES;
				CLANG_WARN_UNGUARDED_AVAILABILITY = YES_AGGRESSIVE;
				CLANG_WARN_UNREACHABLE_CODE = YES;
				CLANG_WARN__DUPLICATE_METHOD_MATCH = YES;
				COPY_PHASE_STRIP = NO;
				DEBUG_INFORMATION_FORMAT = "dwarf-with-dsym";
				ENABLE_NS_ASSERTIONS = NO;
				ENABLE_STRICT_OBJC_MSGSEND = YES;
				GCC_C_LANGUAGE_STANDARD = gnu11;
				GCC_NO_COMMON_BLOCKS = YES;
				GCC_WARN_64_TO_32_BIT_CONVERSION = YES;
				GCC_WARN_ABOUT_RETURN_TYPE = YES_ERROR;
				GCC_WARN_UNDECLARED_SELECTOR = YES;
				GCC_WARN_UNINITIALIZED_AUTOS = YES_AGGRESSIVE;
				GCC_WARN_UNUSED_FUNCTION = YES;
				GCC_WARN_UNUSED_VARIABLE = YES;
				IPHONEOS_DEPLOYMENT_TARGET = 16.2;
				MTL_ENABLE_DEBUG_INFO = NO;
				MTL_FAST_MATH = YES;
				SDKROOT = iphoneos;
				SWIFT_COMPILATION_MODE = wholemodule;
				SWIFT_OPTIMIZATION_LEVEL = "-O";
				VALIDATE_PRODUCT = YES;
			};
			name = Release;
		};
		6A9D6D98298B814500EAE007 /* Debug */ = {
			isa = XCBuildConfiguration;
			buildSettings = {
				ASSETCATALOG_COMPILER_APPICON_NAME = AppIcon;
				ASSETCATALOG_COMPILER_GLOBAL_ACCENT_COLOR_NAME = AccentColor;
				CODE_SIGN_STYLE = Automatic;
				CURRENT_PROJECT_VERSION = 1;
				DEVELOPMENT_TEAM = TDMV2MFK6Z;
				GENERATE_INFOPLIST_FILE = YES;
				INFOPLIST_FILE = SuperDB/Info.plist;
				INFOPLIST_KEY_UIApplicationSupportsIndirectInputEvents = YES;
				INFOPLIST_KEY_UILaunchStoryboardName = LaunchScreen;
				INFOPLIST_KEY_UIMainStoryboardFile = Main;
				INFOPLIST_KEY_UISupportedInterfaceOrientations_iPad = "UIInterfaceOrientationPortrait UIInterfaceOrientationPortraitUpsideDown UIInterfaceOrientationLandscapeLeft UIInterfaceOrientationLandscapeRight";
				INFOPLIST_KEY_UISupportedInterfaceOrientations_iPhone = "UIInterfaceOrientationPortrait UIInterfaceOrientationLandscapeLeft UIInterfaceOrientationLandscapeRight";
				LD_RUNPATH_SEARCH_PATHS = (
					"$(inherited)",
					"@executable_path/Frameworks",
				);
				MARKETING_VERSION = 1.0;
				PRODUCT_BUNDLE_IDENTIFIER = com.zf.SuperDB;
				PRODUCT_NAME = "$(TARGET_NAME)";
				SWIFT_EMIT_LOC_STRINGS = YES;
				SWIFT_VERSION = 5.0;
				TARGETED_DEVICE_FAMILY = "1,2";
			};
			name = Debug;
		};
		6A9D6D99298B814500EAE007 /* Release */ = {
			isa = XCBuildConfiguration;
			buildSettings = {
				ASSETCATALOG_COMPILER_APPICON_NAME = AppIcon;
				ASSETCATALOG_COMPILER_GLOBAL_ACCENT_COLOR_NAME = AccentColor;
				CODE_SIGN_STYLE = Automatic;
				CURRENT_PROJECT_VERSION = 1;
				DEVELOPMENT_TEAM = TDMV2MFK6Z;
				GENERATE_INFOPLIST_FILE = YES;
				INFOPLIST_FILE = SuperDB/Info.plist;
				INFOPLIST_KEY_UIApplicationSupportsIndirectInputEvents = YES;
				INFOPLIST_KEY_UILaunchStoryboardName = LaunchScreen;
				INFOPLIST_KEY_UIMainStoryboardFile = Main;
				INFOPLIST_KEY_UISupportedInterfaceOrientations_iPad = "UIInterfaceOrientationPortrait UIInterfaceOrientationPortraitUpsideDown UIInterfaceOrientationLandscapeLeft UIInterfaceOrientationLandscapeRight";
				INFOPLIST_KEY_UISupportedInterfaceOrientations_iPhone = "UIInterfaceOrientationPortrait UIInterfaceOrientationLandscapeLeft UIInterfaceOrientationLandscapeRight";
				LD_RUNPATH_SEARCH_PATHS = (
					"$(inherited)",
					"@executable_path/Frameworks",
				);
				MARKETING_VERSION = 1.0;
				PRODUCT_BUNDLE_IDENTIFIER = com.zf.SuperDB;
				PRODUCT_NAME = "$(TARGET_NAME)";
				SWIFT_EMIT_LOC_STRINGS = YES;
				SWIFT_VERSION = 5.0;
				TARGETED_DEVICE_FAMILY = "1,2";
			};
			name = Release;
		};
/* End XCBuildConfiguration section */

/* Begin XCConfigurationList section */
		6A9D6D7B298B814400EAE007 /* Build configuration list for PBXProject "SuperDB" */ = {
			isa = XCConfigurationList;
			buildConfigurations = (
				6A9D6D95298B814500EAE007 /* Debug */,
				6A9D6D96298B814500EAE007 /* Release */,
			);
			defaultConfigurationIsVisible = 0;
			defaultConfigurationName = Release;
		};
		6A9D6D97298B814500EAE007 /* Build configuration list for PBXNativeTarget "SuperDB" */ = {
			isa = XCConfigurationList;
			buildConfigurations = (
				6A9D6D98298B814500EAE007 /* Debug */,
				6A9D6D99298B814500EAE007 /* Release */,
			);
			defaultConfigurationIsVisible = 0;
			defaultConfigurationName = Release;
		};
/* End XCConfigurationList section */

/* Begin XCVersionGroup section */
		6A9D6D8C298B814400EAE007 /* SuperDB.xcdatamodeld */ = {
			isa = XCVersionGroup;
			children = (
				6A9D6D8D298B814400EAE007 /* SuperDB.xcdatamodel */,
			);
			currentVersion = 6A9D6D8D298B814400EAE007 /* SuperDB.xcdatamodel */;
			path = SuperDB.xcdatamodeld;
			sourceTree = "<group>";
			versionGroupType = wrapper.xcdatamodel;
		};
/* End XCVersionGroup section */
	};
	rootObject = 6A9D6D78298B814400EAE007 /* Project object */;
}
